{
  "name": "react-navigation-mobx-helpers",
  "version": "2.0.0",
  "lockfileVersion": 1,
  "requires": true,
  "dependencies": {
    "@types/react": {
      "version": "16.4.6",
      "resolved": "https://registry.npmjs.org/@types/react/-/react-16.4.6.tgz",
      "integrity": "sha512-9LDZdhsuKSc+DjY65SjBkA958oBWcTWSVWAd2cD9XqKBjhGw1KzAkRhWRw2eIsXvaIE/TOTjjKMFVC+JA1iU4g==",
      "requires": {
        "csstype": "^2.2.0"
      }
    },
    "@types/react-native": {
      "version": "0.55.26",
      "resolved": "https://registry.npmjs.org/@types/react-native/-/react-native-0.55.26.tgz",
      "integrity": "sha512-ZAdwBLcyUM0ryT2Y9QEueQ7cwtzC12O+eSSe1v4XMidVg3KGMXPiWk+ZgjhS4eJSR1JBmImgiQ3uZ5PpL6JVQQ==",
      "requires": {
        "@types/react": "*"
      }
    },
    "@types/react-navigation": {
      "version": "2.0.9",
      "resolved": "https://registry.npmjs.org/@types/react-navigation/-/react-navigation-2.0.9.tgz",
      "integrity": "sha512-44kRQyUcw9zA96iMUrou9kL6NyGBkOOnfrX/2zyEiLJsF5SX1NuKe+v0HOqyo4ugxEG5FVc6M9KzyXFxCIiHXQ==",
      "requires": {
        "@types/react": "*",
        "@types/react-native": "*"
      }
    },
    "asap": {
      "version": "2.0.6",
      "resolved": "https://registry.npmjs.org/asap/-/asap-2.0.6.tgz",
      "integrity": "sha1-5QNHYR1+aQlDIIu9r+vLwvuGbUY="
    },
    "clamp": {
      "version": "1.0.1",
      "resolved": "https://registry.npmjs.org/clamp/-/clamp-1.0.1.tgz",
      "integrity": "sha1-ZqDmQBGBbjcZaCj9yMjBRzEshjQ="
    },
    "core-js": {
      "version": "1.2.7",
      "resolved": "https://registry.npmjs.org/core-js/-/core-js-1.2.7.tgz",
      "integrity": "sha1-ZSKUwUZR2yj6k70tX/KYOk8IxjY="
    },
    "create-react-context": {
      "version": "0.2.2",
      "resolved": "https://registry.npmjs.org/create-react-context/-/create-react-context-0.2.2.tgz",
      "integrity": "sha512-KkpaLARMhsTsgp0d2NA/R94F/eDLbhXERdIq3LvX2biCAXcDvHYoOqHfWCHf1+OLj+HKBotLG3KqaOOf+C1C+A==",
      "requires": {
        "fbjs": "^0.8.0",
        "gud": "^1.0.0"
      }
    },
    "csstype": {
      "version": "2.5.5",
      "resolved": "https://registry.npmjs.org/csstype/-/csstype-2.5.5.tgz",
      "integrity": "sha512-EGMjeoiN3aqEX5u/cyH5mSdGBDGdLcCQvcEcBWNGFSPXKd9uOTIeVG91YQ22OxI44DKpvI+4C7VUSmEpsHWJaA=="
    },
    "encoding": {
      "version": "0.1.12",
      "resolved": "https://registry.npmjs.org/encoding/-/encoding-0.1.12.tgz",
      "integrity": "sha1-U4tm8+5izRq1HsMjgp0flIDHS+s=",
      "requires": {
        "iconv-lite": "~0.4.13"
      }
    },
    "fbjs": {
      "version": "0.8.17",
      "resolved": "https://registry.npmjs.org/fbjs/-/fbjs-0.8.17.tgz",
      "integrity": "sha1-xNWY6taUkRJlPWWIsBpc3Nn5D90=",
      "requires": {
        "core-js": "^1.0.0",
        "isomorphic-fetch": "^2.1.1",
        "loose-envify": "^1.0.0",
        "object-assign": "^4.1.0",
        "promise": "^7.1.1",
        "setimmediate": "^1.0.5",
        "ua-parser-js": "^0.7.18"
      }
    },
    "gud": {
      "version": "1.0.0",
      "resolved": "https://registry.npmjs.org/gud/-/gud-1.0.0.tgz",
      "integrity": "sha512-zGEOVKFM5sVPPrYs7J5/hYEw2Pof8KCyOwyhG8sAF26mCAeUFAcYPu1mwB7hhpIP29zOIBaDqwuHdLp0jvZXjw=="
    },
    "hoist-non-react-statics": {
      "version": "2.5.5",
      "resolved": "https://registry.npmjs.org/hoist-non-react-statics/-/hoist-non-react-statics-2.5.5.tgz",
      "integrity": "sha512-rqcy4pJo55FTTLWt+bU8ukscqHeE/e9KWvsOW2b/a3afxQZhwkQdT1rPPCJ0rYXdj4vNcasY8zHTH+jF/qStxw=="
    },
    "iconv-lite": {
      "version": "0.4.23",
      "resolved": "https://registry.npmjs.org/iconv-lite/-/iconv-lite-0.4.23.tgz",
      "integrity": "sha512-neyTUVFtahjf0mB3dZT77u+8O0QB89jFdnBkd5P1JgYPbPaia3gXXOVL2fq8VyU2gMMD7SaN7QukTB/pmXYvDA==",
      "requires": {
        "safer-buffer": ">= 2.1.2 < 3"
      }
    },
    "is-stream": {
      "version": "1.1.0",
      "resolved": "https://registry.npmjs.org/is-stream/-/is-stream-1.1.0.tgz",
      "integrity": "sha1-EtSj3U5o4Lec6428hBc66A2RykQ="
    },
    "isarray": {
      "version": "0.0.1",
      "resolved": "https://registry.npmjs.org/isarray/-/isarray-0.0.1.tgz",
      "integrity": "sha1-ihis/Kmo9Bd+Cav8YDiTmwXR7t8="
    },
    "isomorphic-fetch": {
      "version": "2.2.1",
      "resolved": "https://registry.npmjs.org/isomorphic-fetch/-/isomorphic-fetch-2.2.1.tgz",
      "integrity": "sha1-YRrhrPFPXoH3KVB0coGf6XM1WKk=",
      "requires": {
        "node-fetch": "^1.0.1",
        "whatwg-fetch": ">=0.10.0"
      }
    },
    "js-tokens": {
      "version": "3.0.2",
      "resolved": "https://registry.npmjs.org/js-tokens/-/js-tokens-3.0.2.tgz",
      "integrity": "sha1-mGbfOVECEw449/mWvOtlRDIJwls="
    },
    "loose-envify": {
      "version": "1.3.1",
      "resolved": "https://registry.npmjs.org/loose-envify/-/loose-envify-1.3.1.tgz",
      "integrity": "sha1-0aitM/qc4OcT1l/dCsi3SNR4yEg=",
      "requires": {
        "js-tokens": "^3.0.0"
      }
    },
    "mobx": {
      "version": "5.0.3",
      "resolved": "https://registry.npmjs.org/mobx/-/mobx-5.0.3.tgz",
      "integrity": "sha1-U7l/Kg+bDdd3TJYkn4G/LVE9jhw=",
      "dev": true
    },
    "node-fetch": {
      "version": "1.7.3",
      "resolved": "https://registry.npmjs.org/node-fetch/-/node-fetch-1.7.3.tgz",
      "integrity": "sha512-NhZ4CsKx7cYm2vSrBAr2PvFOe6sWDf0UYLRqA6svUYg7+/TSfVAu49jYC4BvQ4Sms9SZgdqGBgroqfDhJdTyKQ==",
      "requires": {
        "encoding": "^0.1.11",
        "is-stream": "^1.0.1"
      }
    },
    "object-assign": {
      "version": "4.1.1",
      "resolved": "https://registry.npmjs.org/object-assign/-/object-assign-4.1.1.tgz",
      "integrity": "sha1-IQmtx5ZYh8/AXLvUQsrIv7s2CGM="
    },
    "path-to-regexp": {
      "version": "1.7.0",
      "resolved": "https://registry.npmjs.org/path-to-regexp/-/path-to-regexp-1.7.0.tgz",
      "integrity": "sha1-Wf3g9DW62suhA6hOnTvGTpa5k30=",
      "requires": {
        "isarray": "0.0.1"
      }
    },
    "promise": {
      "version": "7.3.1",
      "resolved": "https://registry.npmjs.org/promise/-/promise-7.3.1.tgz",
      "integrity": "sha512-nolQXZ/4L+bP/UGlkfaIujX9BKxGwmQ9OT4mOt5yvy8iK1h3wqTEJCijzGANTCCl9nWjY41juyAn2K3Q1hLLTg==",
      "requires": {
        "asap": "~2.0.3"
      }
    },
    "prop-types": {
      "version": "15.6.2",
      "resolved": "https://registry.npmjs.org/prop-types/-/prop-types-15.6.2.tgz",
      "integrity": "sha512-3pboPvLiWD7dkI3qf3KbUe6hKFKa52w+AE0VCqECtf+QHAKgOL37tTaNCnuX1nAAQ4ZhyP+kYVKf8rLmJ/feDQ==",
      "requires": {
        "loose-envify": "^1.3.1",
        "object-assign": "^4.1.1"
      }
    },
    "react-lifecycles-compat": {
      "version": "3.0.4",
      "resolved": "https://registry.npmjs.org/react-lifecycles-compat/-/react-lifecycles-compat-3.0.4.tgz",
      "integrity": "sha512-fBASbA6LnOU9dOU2eW7aQ8xmYBSXUIWr+UmF9b1efZBazGNO+rcXT/icdKnYm2pTwcRylVUYwW7H1PHfLekVzA=="
    },
    "react-native-dismiss-keyboard": {
      "version": "1.0.0",
      "resolved": "https://registry.npmjs.org/react-native-dismiss-keyboard/-/react-native-dismiss-keyboard-1.0.0.tgz",
      "integrity": "sha1-MohiQrPyMX4SHzrrmwpYXiuHm0k="
    },
    "react-native-drawer-layout": {
      "version": "1.3.2",
      "resolved": "https://registry.npmjs.org/react-native-drawer-layout/-/react-native-drawer-layout-1.3.2.tgz",
      "integrity": "sha512-fjO0scqbJUfNu2wuEpvywL7DYLXuCXJ2W/zYhWz986rdLytidbys1QGVvkaszHrb4Y7OqO96mTkgpOcP8KWevw==",
      "requires": {
        "react-native-dismiss-keyboard": "1.0.0"
      }
    },
    "react-native-drawer-layout-polyfill": {
      "version": "1.3.2",
      "resolved": "https://registry.npmjs.org/react-native-drawer-layout-polyfill/-/react-native-drawer-layout-polyfill-1.3.2.tgz",
      "integrity": "sha512-XzPhfLDJrYHru+e8+dFwhf0FtTeAp7JXPpFYezYV6P1nTeA1Tia/kDpFT+O2DWTrBKBEI8FGhZnThrroZmHIxg==",
      "requires": {
        "react-native-drawer-layout": "1.3.2"
      }
    },
    "react-native-safe-area-view": {
      "version": "0.8.0",
      "resolved": "https://registry.npmjs.org/react-native-safe-area-view/-/react-native-safe-area-view-0.8.0.tgz",
      "integrity": "sha512-uAUzpBxXPVmfupz71GYcPjUBnZFtDuThKO/Q4FWEUykSuML78lItYR6JRsE006CY6gw6mUwpk4MJjhDE4uZ+Ww==",
      "requires": {
        "hoist-non-react-statics": "^2.3.1"
      }
    },
    "react-native-tab-view": {
      "version": "0.0.77",
      "resolved": "https://registry.npmjs.org/react-native-tab-view/-/react-native-tab-view-0.0.77.tgz",
      "integrity": "sha512-9vjD4Ly1Zlum1Y4g23ODpi/F3gYIUIsKWrsZO/Oh5cuX1eiB1DRVn11nY1z+j/hsQfhfyW6nDlmySyDvYQvYCA==",
      "requires": {
        "prop-types": "^15.6.0"
      }
    },
    "react-navigation": {
      "version": "2.5.5",
      "resolved": "https://registry.npmjs.org/react-navigation/-/react-navigation-2.5.5.tgz",
      "integrity": "sha512-fbGX0lA9XecxUjE1yRohx9GRdHn5KeED/+X2xpiMlLeHMpnXjSVWr4qUQaCTo4mTqDDlq9yp2UdRGqoiVgp3rA==",
      "requires": {
        "clamp": "^1.0.1",
        "create-react-context": "^0.2.1",
        "hoist-non-react-statics": "^2.2.0",
        "path-to-regexp": "^1.7.0",
        "react-lifecycles-compat": "^3",
        "react-native-safe-area-view": "^0.8.0",
        "react-navigation-deprecated-tab-navigator": "1.3.0",
        "react-navigation-drawer": "0.4.3",
        "react-navigation-tabs": "0.5.1"
      }
    },
    "react-navigation-deprecated-tab-navigator": {
      "version": "1.3.0",
      "resolved": "https://registry.npmjs.org/react-navigation-deprecated-tab-navigator/-/react-navigation-deprecated-tab-navigator-1.3.0.tgz",
      "integrity": "sha512-Cm+qYOPFWbvvcuv0YYX0ioYwLGgw7XAqdhAfpo3sIr3trxRW8871ePmfFOPezjQtz4v6ItjZt6LPgtBAVZoroQ==",
      "requires": {
        "react-native-tab-view": "^0.0.77"
      }
    },
    "react-navigation-drawer": {
      "version": "0.4.3",
      "resolved": "https://registry.npmjs.org/react-navigation-drawer/-/react-navigation-drawer-0.4.3.tgz",
      "integrity": "sha512-ShPAnq2a7gfNl7O4SAPhP54Z6QNbd9KJ+NQgk5Q1llZFcrsQZ886iUb9KieGestft34c5VOVLrrPDjo8+hCJPQ==",
      "requires": {
        "react-native-drawer-layout-polyfill": "^1.3.2"
      }
    },
    "react-navigation-tabs": {
      "version": "0.5.1",
      "resolved": "https://registry.npmjs.org/react-navigation-tabs/-/react-navigation-tabs-0.5.1.tgz",
      "integrity": "sha512-VwStdeQm5OcAW0n94CxL7qL0zgmnyBCXcgdBRf5hYpw4tWcVUIedgRF+rAWa1v3ftY6H0CXbnT2OKdbod5QJXA==",
      "requires": {
        "hoist-non-react-statics": "^2.5.0",
        "prop-types": "^15.6.1",
        "react-lifecycles-compat": "^3.0.4",
        "react-native-safe-area-view": "^0.7.0",
        "react-native-tab-view": "^1.0.0"
      },
      "dependencies": {
        "react-native-safe-area-view": {
          "version": "0.7.0",
          "resolved": "https://registry.npmjs.org/react-native-safe-area-view/-/react-native-safe-area-view-0.7.0.tgz",
          "integrity": "sha512-SjLdW/Th0WVMhyngH4O6yC21S+O4U4AAG3QxBr7fZ2ftgjXSpKbDHAhEpxBdFwei6HsnsC2h9oYMtPpaW9nfGg==",
          "requires": {
            "hoist-non-react-statics": "^2.3.1"
          }
        },
        "react-native-tab-view": {
          "version": "1.0.2",
          "resolved": "https://registry.npmjs.org/react-native-tab-view/-/react-native-tab-view-1.0.2.tgz",
          "integrity": "sha512-x8I43V1X7/AyMnIwnqJGMU54LqQRlV6vJ9irbls9asA/axdHIdxagPIV6Jx1ttFe/bPKhFwXL+lRYdYxGyUlWg==",
          "requires": {
            "prop-types": "^15.6.1"
          }
        }
      }
    },
    "safer-buffer": {
      "version": "2.1.2",
      "resolved": "https://registry.npmjs.org/safer-buffer/-/safer-buffer-2.1.2.tgz",
      "integrity": "sha512-YZo3K82SD7Riyi0E1EQPojLz7kpepnSQI9IyPbHHg1XXXevb5dJI7tpyN2ADxGcQbHG7vcyRHk0cbwqcQriUtg=="
    },
    "setimmediate": {
      "version": "1.0.5",
      "resolved": "https://registry.npmjs.org/setimmediate/-/setimmediate-1.0.5.tgz",
      "integrity": "sha1-KQy7Iy4waULX1+qbg3Mqt4VvgoU="
    },
    "typescript": {
      "version": "2.9.2",
      "resolved": "https://registry.npmjs.org/typescript/-/typescript-2.9.2.tgz",
      "integrity": "sha512-Gr4p6nFNaoufRIY4NMdpQRNmgxVIGMs4Fcu/ujdYk3nAZqk7supzBE9idmvfZIlH/Cuj//dvi+019qEue9lV0w==",
      "dev": true
    },
    "ua-parser-js": {
      "version": "0.7.18",
      "resolved": "https://registry.npmjs.org/ua-parser-js/-/ua-parser-js-0.7.18.tgz",
      "integrity": "sha512-LtzwHlVHwFGTptfNSgezHp7WUlwiqb0gA9AALRbKaERfxwJoiX0A73QbTToxteIAuIaFshhgIZfqK8s7clqgnA=="
    },
    "whatwg-fetch": {
      "version": "2.0.4",
      "resolved": "https://registry.npmjs.org/whatwg-fetch/-/whatwg-fetch-2.0.4.tgz",
      "integrity": "sha512-dcQ1GWpOD/eEQ97k66aiEVpNnapVj90/+R+SXTPYGHpYBBypfKJEQjLrvMZ7YXbKm21gXd4NcuxUTjiv1YtLng=="
    }
  }
}
